// !$*UTF8*$!
{
	archiveVersion = 1;
	classes = {
	};
	objectVersion = 56;
	objects = {

/* Begin PBXBuildFile section */
		A4A3FB1929DA2EA5003843A4 /* AwesomeCatsApp.swift in Sources */ = {isa = PBXBuildFile; fileRef = A4A3FB1829DA2EA5003843A4 /* AwesomeCatsApp.swift */; };
		A4A3FB1D29DA2EA6003843A4 /* Assets.xcassets in Resources */ = {isa = PBXBuildFile; fileRef = A4A3FB1C29DA2EA6003843A4 /* Assets.xcassets */; };
		A4A3FB2029DA2EA6003843A4 /* Preview Assets.xcassets in Resources */ = {isa = PBXBuildFile; fileRef = A4A3FB1F29DA2EA6003843A4 /* Preview Assets.xcassets */; };
		A4A3FB2A29DA2EA6003843A4 /* AwesomeCatsTests.swift in Sources */ = {isa = PBXBuildFile; fileRef = A4A3FB2929DA2EA6003843A4 /* AwesomeCatsTests.swift */; };
		C1E9AED1568A77970DB05F5B /* Pods_AwesomeCats.framework in Frameworks */ = {isa = PBXBuildFile; fileRef = 2C5205151B7CD52054230A0A /* Pods_AwesomeCats.framework */; };
/* End PBXBuildFile section */

/* Begin PBXContainerItemProxy section */
		A4A3FB2629DA2EA6003843A4 /* PBXContainerItemProxy */ = {
			isa = PBXContainerItemProxy;
			containerPortal = A4A3FB0D29DA2EA5003843A4 /* Project object */;
			proxyType = 1;
			remoteGlobalIDString = A4A3FB1429DA2EA5003843A4;
			remoteInfo = AwesomeCats;
		};
		A4A3FB3029DA2EA6003843A4 /* PBXContainerItemProxy */ = {
			isa = PBXContainerItemProxy;
			containerPortal = A4A3FB0D29DA2EA5003843A4 /* Project object */;
			proxyType = 1;
			remoteGlobalIDString = A4A3FB1429DA2EA5003843A4;
			remoteInfo = AwesomeCats;
		};
/* End PBXContainerItemProxy section */

/* Begin PBXFileReference section */
		2C5205151B7CD52054230A0A /* Pods_AwesomeCats.framework */ = {isa = PBXFileReference; explicitFileType = wrapper.framework; includeInIndex = 0; path = Pods_AwesomeCats.framework; sourceTree = BUILT_PRODUCTS_DIR; };
		5A2302A9ECD374DCF1236EC9 /* Pods-AwesomeCats.release.xcconfig */ = {isa = PBXFileReference; includeInIndex = 1; lastKnownFileType = text.xcconfig; name = "Pods-AwesomeCats.release.xcconfig"; path = "Target Support Files/Pods-AwesomeCats/Pods-AwesomeCats.release.xcconfig"; sourceTree = "<group>"; };
		A4A3FB1529DA2EA5003843A4 /* AwesomeCats.app */ = {isa = PBXFileReference; explicitFileType = wrapper.application; includeInIndex = 0; path = AwesomeCats.app; sourceTree = BUILT_PRODUCTS_DIR; };
		A4A3FB1829DA2EA5003843A4 /* AwesomeCatsApp.swift */ = {isa = PBXFileReference; lastKnownFileType = sourcecode.swift; path = AwesomeCatsApp.swift; sourceTree = "<group>"; };
		A4A3FB1C29DA2EA6003843A4 /* Assets.xcassets */ = {isa = PBXFileReference; lastKnownFileType = folder.assetcatalog; path = Assets.xcassets; sourceTree = "<group>"; };
		A4A3FB1F29DA2EA6003843A4 /* Preview Assets.xcassets */ = {isa = PBXFileReference; lastKnownFileType = folder.assetcatalog; path = "Preview Assets.xcassets"; sourceTree = "<group>"; };
		A4A3FB2529DA2EA6003843A4 /* AwesomeCatsTests.xctest */ = {isa = PBXFileReference; explicitFileType = wrapper.cfbundle; includeInIndex = 0; path = AwesomeCatsTests.xctest; sourceTree = BUILT_PRODUCTS_DIR; };
		A4A3FB2929DA2EA6003843A4 /* AwesomeCatsTests.swift */ = {isa = PBXFileReference; lastKnownFileType = sourcecode.swift; path = AwesomeCatsTests.swift; sourceTree = "<group>"; };
		A4A3FB2F29DA2EA6003843A4 /* AwesomeCatsUITests.xctest */ = {isa = PBXFileReference; explicitFileType = wrapper.cfbundle; includeInIndex = 0; path = AwesomeCatsUITests.xctest; sourceTree = BUILT_PRODUCTS_DIR; };
		AF6C589019CB4E1A7FCB89EA /* Pods-AwesomeCats.debug.xcconfig */ = {isa = PBXFileReference; includeInIndex = 1; lastKnownFileType = text.xcconfig; name = "Pods-AwesomeCats.debug.xcconfig"; path = "Target Support Files/Pods-AwesomeCats/Pods-AwesomeCats.debug.xcconfig"; sourceTree = "<group>"; };
/* End PBXFileReference section */

/* Begin PBXFrameworksBuildPhase section */
		A4A3FB1229DA2EA5003843A4 /* Frameworks */ = {
			isa = PBXFrameworksBuildPhase;
			buildActionMask = 2147483647;
			files = (
				C1E9AED1568A77970DB05F5B /* Pods_AwesomeCats.framework in Frameworks */,
			);
			runOnlyForDeploymentPostprocessing = 0;
		};
		A4A3FB2229DA2EA6003843A4 /* Frameworks */ = {
			isa = PBXFrameworksBuildPhase;
			buildActionMask = 2147483647;
			files = (
			);
			runOnlyForDeploymentPostprocessing = 0;
		};
		A4A3FB2C29DA2EA6003843A4 /* Frameworks */ = {
			isa = PBXFrameworksBuildPhase;
			buildActionMask = 2147483647;
			files = (
			);
			runOnlyForDeploymentPostprocessing = 0;
		};
/* End PBXFrameworksBuildPhase section */

/* Begin PBXGroup section */
		6A411466C5F08169EEDECC03 /* Frameworks */ = {
			isa = PBXGroup;
			children = (
				2C5205151B7CD52054230A0A /* Pods_AwesomeCats.framework */,
			);
			name = Frameworks;
			sourceTree = "<group>";
		};
		A4A3FB0C29DA2EA5003843A4 = {
			isa = PBXGroup;
			children = (
				A4A3FB1729DA2EA5003843A4 /* AwesomeCats */,
				A4A3FB2829DA2EA6003843A4 /* AwesomeCatsTests */,
				A4A3FB3229DA2EA6003843A4 /* AwesomeCatsUITests */,
				A4A3FB1629DA2EA5003843A4 /* Products */,
				D276F4EDFE4C0DD5C7BA01F4 /* Pods */,
				6A411466C5F08169EEDECC03 /* Frameworks */,
			);
			sourceTree = "<group>";
		};
		A4A3FB1629DA2EA5003843A4 /* Products */ = {
			isa = PBXGroup;
			children = (
				A4A3FB1529DA2EA5003843A4 /* AwesomeCats.app */,
				A4A3FB2529DA2EA6003843A4 /* AwesomeCatsTests.xctest */,
				A4A3FB2F29DA2EA6003843A4 /* AwesomeCatsUITests.xctest */,
			);
			name = Products;
			sourceTree = "<group>";
		};
		A4A3FB1729DA2EA5003843A4 /* AwesomeCats */ = {
			isa = PBXGroup;
			children = (
				A4A3FB1829DA2EA5003843A4 /* AwesomeCatsApp.swift */,
				A4A3FB1C29DA2EA6003843A4 /* Assets.xcassets */,
				A4A3FB1E29DA2EA6003843A4 /* Preview Content */,
			);
			path = AwesomeCats;
			sourceTree = "<group>";
		};
		A4A3FB1E29DA2EA6003843A4 /* Preview Content */ = {
			isa = PBXGroup;
			children = (
				A4A3FB1F29DA2EA6003843A4 /* Preview Assets.xcassets */,
			);
			path = "Preview Content";
			sourceTree = "<group>";
		};
		A4A3FB2829DA2EA6003843A4 /* AwesomeCatsTests */ = {
			isa = PBXGroup;
			children = (
				A4A3FB2929DA2EA6003843A4 /* AwesomeCatsTests.swift */,
			);
			path = AwesomeCatsTests;
			sourceTree = "<group>";
		};
		A4A3FB3229DA2EA6003843A4 /* AwesomeCatsUITests */ = {
			isa = PBXGroup;
			children = (
			);
			path = AwesomeCatsUITests;
			sourceTree = "<group>";
		};
		D276F4EDFE4C0DD5C7BA01F4 /* Pods */ = {
			isa = PBXGroup;
			children = (
				AF6C589019CB4E1A7FCB89EA /* Pods-AwesomeCats.debug.xcconfig */,
				5A2302A9ECD374DCF1236EC9 /* Pods-AwesomeCats.release.xcconfig */,
			);
			path = Pods;
			sourceTree = "<group>";
		};
/* End PBXGroup section */

/* Begin PBXNativeTarget section */
		A4A3FB1429DA2EA5003843A4 /* AwesomeCats */ = {
			isa = PBXNativeTarget;
			buildConfigurationList = A4A3FB3929DA2EA6003843A4 /* Build configuration list for PBXNativeTarget "AwesomeCats" */;
			buildPhases = (
				99EDC018BC88E457C68835A6 /* [CP] Check Pods Manifest.lock */,
				A4A3FB1129DA2EA5003843A4 /* Sources */,
				A4A3FB1229DA2EA5003843A4 /* Frameworks */,
				A4A3FB1329DA2EA5003843A4 /* Resources */,
			);
			buildRules = (
			);
			dependencies = (
			);
			name = AwesomeCats;
			productName = AwesomeCats;
			productReference = A4A3FB1529DA2EA5003843A4 /* AwesomeCats.app */;
			productType = "com.apple.product-type.application";
		};
		A4A3FB2429DA2EA6003843A4 /* AwesomeCatsTests */ = {
			isa = PBXNativeTarget;
			buildConfigurationList = A4A3FB3C29DA2EA6003843A4 /* Build configuration list for PBXNativeTarget "AwesomeCatsTests" */;
			buildPhases = (
				A4A3FB2129DA2EA6003843A4 /* Sources */,
				A4A3FB2229DA2EA6003843A4 /* Frameworks */,
				A4A3FB2329DA2EA6003843A4 /* Resources */,
			);
			buildRules = (
			);
			dependencies = (
				A4A3FB2729DA2EA6003843A4 /* PBXTargetDependency */,
			);
			name = AwesomeCatsTests;
			productName = AwesomeCatsTests;
			productReference = A4A3FB2529DA2EA6003843A4 /* AwesomeCatsTests.xctest */;
			productType = "com.apple.product-type.bundle.unit-test";
		};
		A4A3FB2E29DA2EA6003843A4 /* AwesomeCatsUITests */ = {
			isa = PBXNativeTarget;
			buildConfigurationList = A4A3FB3F29DA2EA6003843A4 /* Build configuration list for PBXNativeTarget "AwesomeCatsUITests" */;
			buildPhases = (
				A4A3FB2B29DA2EA6003843A4 /* Sources */,
				A4A3FB2C29DA2EA6003843A4 /* Frameworks */,
				A4A3FB2D29DA2EA6003843A4 /* Resources */,
			);
			buildRules = (
			);
			dependencies = (
				A4A3FB3129DA2EA6003843A4 /* PBXTargetDependency */,
			);
			name = AwesomeCatsUITests;
			productName = AwesomeCatsUITests;
			productReference = A4A3FB2F29DA2EA6003843A4 /* AwesomeCatsUITests.xctest */;
			productType = "com.apple.product-type.bundle.ui-testing";
		};
/* End PBXNativeTarget section */

/* Begin PBXProject section */
		A4A3FB0D29DA2EA5003843A4 /* Project object */ = {
			isa = PBXProject;
			attributes = {
				BuildIndependentTargetsInParallel = 1;
				LastSwiftUpdateCheck = 1420;
				LastUpgradeCheck = 1420;
				TargetAttributes = {
					A4A3FB1429DA2EA5003843A4 = {
						CreatedOnToolsVersion = 14.2;
					};
					A4A3FB2429DA2EA6003843A4 = {
						CreatedOnToolsVersion = 14.2;
						TestTargetID = A4A3FB1429DA2EA5003843A4;
					};
					A4A3FB2E29DA2EA6003843A4 = {
						CreatedOnToolsVersion = 14.2;
						TestTargetID = A4A3FB1429DA2EA5003843A4;
					};
				};
			};
			buildConfigurationList = A4A3FB1029DA2EA5003843A4 /* Build configuration list for PBXProject "AwesomeCats" */;
			compatibilityVersion = "Xcode 14.0";
			developmentRegion = en;
			hasScannedForEncodings = 0;
			knownRegions = (
				en,
				Base,
			);
			mainGroup = A4A3FB0C29DA2EA5003843A4;
			productRefGroup = A4A3FB1629DA2EA5003843A4 /* Products */;
			projectDirPath = "";
			projectRoot = "";
			targets = (
				A4A3FB1429DA2EA5003843A4 /* AwesomeCats */,
				A4A3FB2429DA2EA6003843A4 /* AwesomeCatsTests */,
				A4A3FB2E29DA2EA6003843A4 /* AwesomeCatsUITests */,
			);
		};
/* End PBXProject section */

/* Begin PBXResourcesBuildPhase section */
		A4A3FB1329DA2EA5003843A4 /* Resources */ = {
			isa = PBXResourcesBuildPhase;
			buildActionMask = 2147483647;
			files = (
				A4A3FB2029DA2EA6003843A4 /* Preview Assets.xcassets in Resources */,
				A4A3FB1D29DA2EA6003843A4 /* Assets.xcassets in Resources */,
			);
			runOnlyForDeploymentPostprocessing = 0;
		};
		A4A3FB2329DA2EA6003843A4 /* Resources */ = {
			isa = PBXResourcesBuildPhase;
			buildActionMask = 2147483647;
			files = (
			);
			runOnlyForDeploymentPostprocessing = 0;
		};
		A4A3FB2D29DA2EA6003843A4 /* Resources */ = {
			isa = PBXResourcesBuildPhase;
			buildActionMask = 2147483647;
			files = (
			);
			runOnlyForDeploymentPostprocessing = 0;
		};
/* End PBXResourcesBuildPhase section */

/* Begin PBXShellScriptBuildPhase section */
		99EDC018BC88E457C68835A6 /* [CP] Check Pods Manifest.lock */ = {
			isa = PBXShellScriptBuildPhase;
			buildActionMask = 2147483647;
			files = (
			);
			inputFileListPaths = (
			);
			inputPaths = (
				"${PODS_PODFILE_DIR_PATH}/Podfile.lock",
				"${PODS_ROOT}/Manifest.lock",
			);
			name = "[CP] Check Pods Manifest.lock";
			outputFileListPaths = (
			);
			outputPaths = (
				"$(DERIVED_FILE_DIR)/Pods-AwesomeCats-checkManifestLockResult.txt",
			);
			runOnlyForDeploymentPostprocessing = 0;
			shellPath = /bin/sh;
			shellScript = "diff \"${PODS_PODFILE_DIR_PATH}/Podfile.lock\" \"${PODS_ROOT}/Manifest.lock\" > /dev/null\nif [ $? != 0 ] ; then\n    # print error to STDERR\n    echo \"error: The sandbox is not in sync with the Podfile.lock. Run 'pod install' or update your CocoaPods installation.\" >&2\n    exit 1\nfi\n# This output is used by Xcode 'outputs' to avoid re-running this script phase.\necho \"SUCCESS\" > \"${SCRIPT_OUTPUT_FILE_0}\"\n";
			showEnvVarsInLog = 0;
		};
/* End PBXShellScriptBuildPhase section */

/* Begin PBXSourcesBuildPhase section */
		A4A3FB1129DA2EA5003843A4 /* Sources */ = {
			isa = PBXSourcesBuildPhase;
			buildActionMask = 2147483647;
			files = (
				A4A3FB1929DA2EA5003843A4 /* AwesomeCatsApp.swift in Sources */,
			);
			runOnlyForDeploymentPostprocessing = 0;
		};
		A4A3FB2129DA2EA6003843A4 /* Sources */ = {
			isa = PBXSourcesBuildPhase;
			buildActionMask = 2147483647;
			files = (
				A4A3FB2A29DA2EA6003843A4 /* AwesomeCatsTests.swift in Sources */,
			);
			runOnlyForDeploymentPostprocessing = 0;
		};
		A4A3FB2B29DA2EA6003843A4 /* Sources */ = {
			isa = PBXSourcesBuildPhase;
			buildActionMask = 2147483647;
			files = (
			);
			runOnlyForDeploymentPostprocessing = 0;
		};
/* End PBXSourcesBuildPhase section */

/* Begin PBXTargetDependency section */
		A4A3FB2729DA2EA6003843A4 /* PBXTargetDependency */ = {
			isa = PBXTargetDependency;
			target = A4A3FB1429DA2EA5003843A4 /* AwesomeCats */;
			targetProxy = A4A3FB2629DA2EA6003843A4 /* PBXContainerItemProxy */;
		};
		A4A3FB3129DA2EA6003843A4 /* PBXTargetDependency */ = {
			isa = PBXTargetDependency;
			target = A4A3FB1429DA2EA5003843A4 /* AwesomeCats */;
			targetProxy = A4A3FB3029DA2EA6003843A4 /* PBXContainerItemProxy */;
		};
/* End PBXTargetDependency section */

/* Begin XCBuildConfiguration section */
		A4A3FB3729DA2EA6003843A4 /* Debug */ = {
			isa = XCBuildConfiguration;
			buildSettings = {
				ALWAYS_SEARCH_USER_PATHS = NO;
				CLANG_ANALYZER_NONNULL = YES;
				CLANG_ANALYZER_NUMBER_OBJECT_CONVERSION = YES_AGGRESSIVE;
				CLANG_CXX_LANGUAGE_STANDARD = "gnu++20";
				CLANG_ENABLE_MODULES = YES;
				CLANG_ENABLE_OBJC_ARC = YES;
				CLANG_ENABLE_OBJC_WEAK = YES;
				CLANG_WARN_BLOCK_CAPTURE_AUTORELEASING = YES;
				CLANG_WARN_BOOL_CONVERSION = YES;
				CLANG_WARN_COMMA = YES;
				CLANG_WARN_CONSTANT_CONVERSION = YES;
				CLANG_WARN_DEPRECATED_OBJC_IMPLEMENTATIONS = YES;
				CLANG_WARN_DIRECT_OBJC_ISA_USAGE = YES_ERROR;
				CLANG_WARN_DOCUMENTATION_COMMENTS = YES;
				CLANG_WARN_EMPTY_BODY = YES;
				CLANG_WARN_ENUM_CONVERSION = YES;
				CLANG_WARN_INFINITE_RECURSION = YES;
				CLANG_WARN_INT_CONVERSION = YES;
				CLANG_WARN_NON_LITERAL_NULL_CONVERSION = YES;
				CLANG_WARN_OBJC_IMPLICIT_RETAIN_SELF = YES;
				CLANG_WARN_OBJC_LITERAL_CONVERSION = YES;
				CLANG_WARN_OBJC_ROOT_CLASS = YES_ERROR;
				CLANG_WARN_QUOTED_INCLUDE_IN_FRAMEWORK_HEADER = YES;
				CLANG_WARN_RANGE_LOOP_ANALYSIS = YES;
				CLANG_WARN_STRICT_PROTOTYPES = YES;
				CLANG_WARN_SUSPICIOUS_MOVE = YES;
				CLANG_WARN_UNGUARDED_AVAILABILITY = YES_AGGRESSIVE;
				CLANG_WARN_UNREACHABLE_CODE = YES;
				CLANG_WARN__DUPLICATE_METHOD_MATCH = YES;
				COPY_PHASE_STRIP = NO;
				DEBUG_INFORMATION_FORMAT = dwarf;
				ENABLE_STRICT_OBJC_MSGSEND = YES;
				ENABLE_TESTABILITY = YES;
				GCC_C_LANGUAGE_STANDARD = gnu11;
				GCC_DYNAMIC_NO_PIC = NO;
				GCC_NO_COMMON_BLOCKS = YES;
				GCC_OPTIMIZATION_LEVEL = 0;
				GCC_PREPROCESSOR_DEFINITIONS = (
					"DEBUG=1",
					"$(inherited)",
				);
				GCC_WARN_64_TO_32_BIT_CONVERSION = YES;
				GCC_WARN_ABOUT_RETURN_TYPE = YES_ERROR;
				GCC_WARN_UNDECLARED_SELECTOR = YES;
				GCC_WARN_UNINITIALIZED_AUTOS = YES_AGGRESSIVE;
				GCC_WARN_UNUSED_FUNCTION = YES;
				GCC_WARN_UNUSED_VARIABLE = YES;
				IPHONEOS_DEPLOYMENT_TARGET = 16.2;
				MTL_ENABLE_DEBUG_INFO = INCLUDE_SOURCE;
				MTL_FAST_MATH = YES;
				ONLY_ACTIVE_ARCH = YES;
				SDKROOT = iphoneos;
				SWIFT_ACTIVE_COMPILATION_CONDITIONS = DEBUG;
				SWIFT_OPTIMIZATION_LEVEL = "-Onone";
			};
			name = Debug;
		};
		A4A3FB3829DA2EA6003843A4 /* Release */ = {
			isa = XCBuildConfiguration;
			buildSettings = {
				ALWAYS_SEARCH_USER_PATHS = NO;
				CLANG_ANALYZER_NONNULL = YES;
				CLANG_ANALYZER_NUMBER_OBJECT_CONVERSION = YES_AGGRESSIVE;
				CLANG_CXX_LANGUAGE_STANDARD = "gnu++20";
				CLANG_ENABLE_MODULES = YES;
				CLANG_ENABLE_OBJC_ARC = YES;
				CLANG_ENABLE_OBJC_WEAK = YES;
				CLANG_WARN_BLOCK_CAPTURE_AUTORELEASING = YES;
				CLANG_WARN_BOOL_CONVERSION = YES;
				CLANG_WARN_COMMA = YES;
				CLANG_WARN_CONSTANT_CONVERSION = YES;
				CLANG_WARN_DEPRECATED_OBJC_IMPLEMENTATIONS = YES;
				CLANG_WARN_DIRECT_OBJC_ISA_USAGE = YES_ERROR;
				CLANG_WARN_DOCUMENTATION_COMMENTS = YES;
				CLANG_WARN_EMPTY_BODY = YES;
				CLANG_WARN_ENUM_CONVERSION = YES;
				CLANG_WARN_INFINITE_RECURSION = YES;
				CLANG_WARN_INT_CONVERSION = YES;
				CLANG_WARN_NON_LITERAL_NULL_CONVERSION = YES;
				CLANG_WARN_OBJC_IMPLICIT_RETAIN_SELF = YES;
				CLANG_WARN_OBJC_LITERAL_CONVERSION = YES;
				CLANG_WARN_OBJC_ROOT_CLASS = YES_ERROR;
				CLANG_WARN_QUOTED_INCLUDE_IN_FRAMEWORK_HEADER = YES;
				CLANG_WARN_RANGE_LOOP_ANALYSIS = YES;
				CLANG_WARN_STRICT_PROTOTYPES = YES;
				CLANG_WARN_SUSPICIOUS_MOVE = YES;
				CLANG_WARN_UNGUARDED_AVAILABILITY = YES_AGGRESSIVE;
				CLANG_WARN_UNREACHABLE_CODE = YES;
				CLANG_WARN__DUPLICATE_METHOD_MATCH = YES;
				COPY_PHASE_STRIP = NO;
				DEBUG_INFORMATION_FORMAT = "dwarf-with-dsym";
				ENABLE_NS_ASSERTIONS = NO;
				ENABLE_STRICT_OBJC_MSGSEND = YES;
				GCC_C_LANGUAGE_STANDARD = gnu11;
				GCC_NO_COMMON_BLOCKS = YES;
				GCC_WARN_64_TO_32_BIT_CONVERSION = YES;
				GCC_WARN_ABOUT_RETURN_TYPE = YES_ERROR;
				GCC_WARN_UNDECLARED_SELECTOR = YES;
				GCC_WARN_UNINITIALIZED_AUTOS = YES_AGGRESSIVE;
				GCC_WARN_UNUSED_FUNCTION = YES;
				GCC_WARN_UNUSED_VARIABLE = YES;
				IPHONEOS_DEPLOYMENT_TARGET = 16.2;
				MTL_ENABLE_DEBUG_INFO = NO;
				MTL_FAST_MATH = YES;
				SDKROOT = iphoneos;
				SWIFT_COMPILATION_MODE = wholemodule;
				SWIFT_OPTIMIZATION_LEVEL = "-O";
				VALIDATE_PRODUCT = YES;
			};
			name = Release;
		};
		A4A3FB3A29DA2EA6003843A4 /* Debug */ = {
			isa = XCBuildConfiguration;
			baseConfigurationReference = AF6C589019CB4E1A7FCB89EA /* Pods-AwesomeCats.debug.xcconfig */;
			buildSettings = {
				ASSETCATALOG_COMPILER_APPICON_NAME = AppIcon;
				ASSETCATALOG_COMPILER_GLOBAL_ACCENT_COLOR_NAME = AccentColor;
				CODE_SIGN_STYLE = Automatic;
				CURRENT_PROJECT_VERSION = 1;
				DEVELOPMENT_ASSET_PATHS = "\"AwesomeCats/Preview Content\"";
				DEVELOPMENT_TEAM = RQD5APPN83;
				ENABLE_PREVIEWS = YES;
				GENERATE_INFOPLIST_FILE = YES;
				INFOPLIST_KEY_UIApplicationSceneManifest_Generation = YES;
				INFOPLIST_KEY_UIApplicationSupportsIndirectInputEvents = YES;
				INFOPLIST_KEY_UILaunchScreen_Generation = YES;
				INFOPLIST_KEY_UISupportedInterfaceOrientations_iPad = "UIInterfaceOrientationPortrait UIInterfaceOrientationPortraitUpsideDown UIInterfaceOrientationLandscapeLeft UIInterfaceOrientationLandscapeRight";
				INFOPLIST_KEY_UISupportedInterfaceOrientations_iPhone = "UIInterfaceOrientationPortrait UIInterfaceOrientationLandscapeLeft UIInterfaceOrientationLandscapeRight";
				LD_RUNPATH_SEARCH_PATHS = (
					"$(inherited)",
					"@executable_path/Frameworks",
				);
				MARKETING_VERSION = 1.0;
				PRODUCT_BUNDLE_IDENTIFIER = tech.antibytes.AwesomeCats;
				PRODUCT_NAME = "$(TARGET_NAME)";
				SWIFT_EMIT_LOC_STRINGS = YES;
				SWIFT_VERSION = 5.0;
				TARGETED_DEVICE_FAMILY = "1,2";
			};
			name = Debug;
		};
		A4A3FB3B29DA2EA6003843A4 /* Release */ = {
			isa = XCBuildConfiguration;
			baseConfigurationReference = 5A2302A9ECD374DCF1236EC9 /* Pods-AwesomeCats.release.xcconfig */;
			buildSettings = {
				ASSETCATALOG_COMPILER_APPICON_NAME = AppIcon;
				ASSETCATALOG_COMPILER_GLOBAL_ACCENT_COLOR_NAME = AccentColor;
				CODE_SIGN_STYLE = Automatic;
				CURRENT_PROJECT_VERSION = 1;
				DEVELOPMENT_ASSET_PATHS = "\"AwesomeCats/Preview Content\"";
				DEVELOPMENT_TEAM = RQD5APPN83;
				ENABLE_PREVIEWS = YES;
				GENERATE_INFOPLIST_FILE = YES;
				INFOPLIST_KEY_UIApplicationSceneManifest_Generation = YES;
				INFOPLIST_KEY_UIApplicationSupportsIndirectInputEvents = YES;
				INFOPLIST_KEY_UILaunchScreen_Generation = YES;
				INFOPLIST_KEY_UISupportedInterfaceOrientations_iPad = "UIInterfaceOrientationPortrait UIInterfaceOrientationPortraitUpsideDown UIInterfaceOrientationLandscapeLeft UIInterfaceOrientationLandscapeRight";
				INFOPLIST_KEY_UISupportedInterfaceOrientations_iPhone = "UIInterfaceOrientationPortrait UIInterfaceOrientationLandscapeLeft UIInterfaceOrientationLandscapeRight";
				LD_RUNPATH_SEARCH_PATHS = (
					"$(inherited)",
					"@executable_path/Frameworks",
				);
				MARKETING_VERSION = 1.0;
				PRODUCT_BUNDLE_IDENTIFIER = tech.antibytes.AwesomeCats;
				PRODUCT_NAME = "$(TARGET_NAME)";
				SWIFT_EMIT_LOC_STRINGS = YES;
				SWIFT_VERSION = 5.0;
				TARGETED_DEVICE_FAMILY = "1,2";
			};
			name = Release;
		};
		A4A3FB3D29DA2EA6003843A4 /* Debug */ = {
			isa = XCBuildConfiguration;
			buildSettings = {
				ALWAYS_EMBED_SWIFT_STANDARD_LIBRARIES = YES;
				BUNDLE_LOADER = "$(TEST_HOST)";
				CODE_SIGN_STYLE = Automatic;
				CURRENT_PROJECT_VERSION = 1;
				DEVELOPMENT_TEAM = RQD5APPN83;
				GENERATE_INFOPLIST_FILE = YES;
				IPHONEOS_DEPLOYMENT_TARGET = 16.2;
				MARKETING_VERSION = 1.0;
				PRODUCT_BUNDLE_IDENTIFIER = tech.antibytes.AwesomeCatsTests;
				PRODUCT_NAME = "$(TARGET_NAME)";
				SWIFT_EMIT_LOC_STRINGS = NO;
				SWIFT_VERSION = 5.0;
				TARGETED_DEVICE_FAMILY = "1,2";
				TEST_HOST = "$(BUILT_PRODUCTS_DIR)/AwesomeCats.app/$(BUNDLE_EXECUTABLE_FOLDER_PATH)/AwesomeCats";
			};
			name = Debug;
		};
		A4A3FB3E29DA2EA6003843A4 /* Release */ = {
			isa = XCBuildConfiguration;
			buildSettings = {
				ALWAYS_EMBED_SWIFT_STANDARD_LIBRARIES = YES;
				BUNDLE_LOADER = "$(TEST_HOST)";
				CODE_SIGN_STYLE = Automatic;
				CURRENT_PROJECT_VERSION = 1;
				DEVELOPMENT_TEAM = RQD5APPN83;
				GENERATE_INFOPLIST_FILE = YES;
				IPHONEOS_DEPLOYMENT_TARGET = 16.2;
				MARKETING_VERSION = 1.0;
				PRODUCT_BUNDLE_IDENTIFIER = tech.antibytes.AwesomeCatsTests;
				PRODUCT_NAME = "$(TARGET_NAME)";
				SWIFT_EMIT_LOC_STRINGS = NO;
				SWIFT_VERSION = 5.0;
				TARGETED_DEVICE_FAMILY = "1,2";
				TEST_HOST = "$(BUILT_PRODUCTS_DIR)/AwesomeCats.app/$(BUNDLE_EXECUTABLE_FOLDER_PATH)/AwesomeCats";
			};
			name = Release;
		};
		A4A3FB4029DA2EA6003843A4 /* Debug */ = {
			isa = XCBuildConfiguration;
			buildSettings = {
				ALWAYS_EMBED_SWIFT_STANDARD_LIBRARIES = YES;
				CODE_SIGN_STYLE = Automatic;
				CURRENT_PROJECT_VERSION = 1;
				DEVELOPMENT_TEAM = RQD5APPN83;
				GENERATE_INFOPLIST_FILE = YES;
				MARKETING_VERSION = 1.0;
				PRODUCT_BUNDLE_IDENTIFIER = tech.antibytes.AwesomeCatsUITests;
				PRODUCT_NAME = "$(TARGET_NAME)";
				SWIFT_EMIT_LOC_STRINGS = NO;
				SWIFT_VERSION = 5.0;
				TARGETED_DEVICE_FAMILY = "1,2";
				TEST_TARGET_NAME = AwesomeCats;
			};
			name = Debug;
		};
		A4A3FB4129DA2EA6003843A4 /* Release */ = {
			isa = XCBuildConfiguration;
			buildSettings = {
				ALWAYS_EMBED_SWIFT_STANDARD_LIBRARIES = YES;
				CODE_SIGN_STYLE = Automatic;
				CURRENT_PROJECT_VERSION = 1;
				DEVELOPMENT_TEAM = RQD5APPN83;
				GENERATE_INFOPLIST_FILE = YES;
				MARKETING_VERSION = 1.0;
				PRODUCT_BUNDLE_IDENTIFIER = tech.antibytes.AwesomeCatsUITests;
				PRODUCT_NAME = "$(TARGET_NAME)";
				SWIFT_EMIT_LOC_STRINGS = NO;
				SWIFT_VERSION = 5.0;
				TARGETED_DEVICE_FAMILY = "1,2";
				TEST_TARGET_NAME = AwesomeCats;
			};
			name = Release;
		};
/* End XCBuildConfiguration section */

/* Begin XCConfigurationList section */
		A4A3FB1029DA2EA5003843A4 /* Build configuration list for PBXProject "AwesomeCats" */ = {
			isa = XCConfigurationList;
			buildConfigurations = (
				A4A3FB3729DA2EA6003843A4 /* Debug */,
				A4A3FB3829DA2EA6003843A4 /* Release */,
			);
			defaultConfigurationIsVisible = 0;
			defaultConfigurationName = Release;
		};
		A4A3FB3929DA2EA6003843A4 /* Build configuration list for PBXNativeTarget "AwesomeCats" */ = {
			isa = XCConfigurationList;
			buildConfigurations = (
				A4A3FB3A29DA2EA6003843A4 /* Debug */,
				A4A3FB3B29DA2EA6003843A4 /* Release */,
			);
			defaultConfigurationIsVisible = 0;
			defaultConfigurationName = Release;
		};
		A4A3FB3C29DA2EA6003843A4 /* Build configuration list for PBXNativeTarget "AwesomeCatsTests" */ = {
			isa = XCConfigurationList;
			buildConfigurations = (
				A4A3FB3D29DA2EA6003843A4 /* Debug */,
				A4A3FB3E29DA2EA6003843A4 /* Release */,
			);
			defaultConfigurationIsVisible = 0;
			defaultConfigurationName = Release;
		};
		A4A3FB3F29DA2EA6003843A4 /* Build configuration list for PBXNativeTarget "AwesomeCatsUITests" */ = {
			isa = XCConfigurationList;
			buildConfigurations = (
				A4A3FB4029DA2EA6003843A4 /* Debug */,
				A4A3FB4129DA2EA6003843A4 /* Release */,
			);
			defaultConfigurationIsVisible = 0;
			defaultConfigurationName = Release;
		};
/* End XCConfigurationList section */
	};
	rootObject = A4A3FB0D29DA2EA5003843A4 /* Project object */;
}
